
Microsoft Visual Studio Solution File, Format Version 12.00
# Visual Studio Version 17
VisualStudioVersion = 17.5.002.0
MinimumVisualStudioVersion = 10.0.40219.1
Project("{9A19103F-16F7-4668-BE54-9A1E7A4F7556}") = "emotionsandcareproject", "emotionsandcareproject.csproj", "{89795BA0-84B5-4127-9932-715BF123D4FC}"
EndProject
Project("{FAE04EC0-301F-11D3-BF4B-00C04F79EFBC}") = "Business", "..\Business\Business.csproj", "{EC15BB18-C061-444F-A39B-6C2986832EC5}"
EndProject
Project("{FAE04EC0-301F-11D3-BF4B-00C04F79EFBC}") = "Data", "..\Data\Data.csproj", "{2A65AE0F-0E02-43B2-ADE4-868B192A9BA3}"
EndProject
Project("{FAE04EC0-301F-11D3-BF4B-00C04F79EFBC}") = "Domain", "..\Domain\Domain.csproj", "{D7B4EBE9-8731-4656-A04D-97D8D01A7A99}"
EndProject
Global
	GlobalSection(SolutionConfigurationPlatforms) = preSolution
		Debug|Any CPU = Debug|Any CPU
		Release|Any CPU = Release|Any CPU
	EndGlobalSection
	GlobalSection(ProjectConfigurationPlatforms) = postSolution
		{89795BA0-84B5-4127-9932-715BF123D4FC}.Debug|Any CPU.ActiveCfg = Debug|Any CPU
		{89795BA0-84B5-4127-9932-715BF123D4FC}.Debug|Any CPU.Build.0 = Debug|Any CPU
		{89795BA0-84B5-4127-9932-715BF123D4FC}.Release|Any CPU.ActiveCfg = Release|Any CPU
		{89795BA0-84B5-4127-9932-715BF123D4FC}.Release|Any CPU.Build.0 = Release|Any CPU
		{EC15BB18-C061-444F-A39B-6C2986832EC5}.Debug|Any CPU.ActiveCfg = Debug|Any CPU
		{EC15BB18-C061-444F-A39B-6C2986832EC5}.Debug|Any CPU.Build.0 = Debug|Any CPU
		{EC15BB18-C061-444F-A39B-6C2986832EC5}.Release|Any CPU.ActiveCfg = Release|Any CPU
		{EC15BB18-C061-444F-A39B-6C2986832EC5}.Release|Any CPU.Build.0 = Release|Any CPU
		{2A65AE0F-0E02-43B2-ADE4-868B192A9BA3}.Debug|Any CPU.ActiveCfg = Debug|Any CPU
		{2A65AE0F-0E02-43B2-ADE4-868B192A9BA3}.Debug|Any CPU.Build.0 = Debug|Any CPU
		{2A65AE0F-0E02-43B2-ADE4-868B192A9BA3}.Release|Any CPU.ActiveCfg = Release|Any CPU
		{2A65AE0F-0E02-43B2-ADE4-868B192A9BA3}.Release|Any CPU.Build.0 = Release|Any CPU
		{D7B4EBE9-8731-4656-A04D-97D8D01A7A99}.Debug|Any CPU.ActiveCfg = Debug|Any CPU
		{D7B4EBE9-8731-4656-A04D-97D8D01A7A99}.Debug|Any CPU.Build.0 = Debug|Any CPU
		{D7B4EBE9-8731-4656-A04D-97D8D01A7A99}.Release|Any CPU.ActiveCfg = Release|Any CPU
		{D7B4EBE9-8731-4656-A04D-97D8D01A7A99}.Release|Any CPU.Build.0 = Release|Any CPU
	EndGlobalSection
	GlobalSection(SolutionProperties) = preSolution
		HideSolutionNode = FALSE
	EndGlobalSection
	GlobalSection(ExtensibilityGlobals) = postSolution
		SolutionGuid = {1D2459CC-70EB-40D8-B7FE-2CF581D7A161}
	EndGlobalSection
EndGlobal
